
Microsoft Visual Studio Solution File, Format Version 12.00
# Visual Studio Version 17
VisualStudioVersion = 17.10.35027.167
MinimumVisualStudioVersion = 10.0.40219.1
Project("{FAE04EC0-301F-11D3-BF4B-00C04F79EFBC}") = "LoginRegistration", "LoginRegistration.csproj", "{4536C84F-1977-491E-AEE6-4B9DEDEEC198}"
EndProject
Global
	GlobalSection(SolutionConfigurationPlatforms) = preSolution
		Debug|Any CPU = Debug|Any CPU
		Release|Any CPU = Release|Any CPU
	EndGlobalSection
	GlobalSection(ProjectConfigurationPlatforms) = postSolution
		{4536C84F-1977-491E-AEE6-4B9DEDEEC198}.Debug|Any CPU.ActiveCfg = Debug|Any CPU
		{4536C84F-1977-491E-AEE6-4B9DEDEEC198}.Debug|Any CPU.Build.0 = Debug|Any CPU
		{4536C84F-1977-491E-AEE6-4B9DEDEEC198}.Release|Any CPU.ActiveCfg = Release|Any CPU
		{4536C84F-1977-491E-AEE6-4B9DEDEEC198}.Release|Any CPU.Build.0 = Release|Any CPU
	EndGlobalSection
	GlobalSection(SolutionProperties) = preSolution
		HideSolutionNode = FALSE
	EndGlobalSection
	GlobalSection(ExtensibilityGlobals) = postSolution
		SolutionGuid = {8C6533DC-CD9C-4EB6-B399-433257F715AF}
	EndGlobalSection
EndGlobal
